{
  "name": "truewallet-gift",
  "lockfileVersion": 3,
  "requires": true,
  "packages": {
    "": {
      "dependencies": {
        "true-money-wallet-gift": "^1.0.0"
      }
    },
    "node_modules/true-money-wallet-gift": {
      "version": "1.0.0",
      "resolved": "https://registry.npmjs.org/true-money-wallet-gift/-/true-money-wallet-gift-1.0.0.tgz",
      "integrity": "sha512-OZW7S1YwZBs5AvlW6K7xK2oVyF5+p4wkxGoQtpeMm++Lm1QBzsUQ+hDfaXh3yWWFzeXc3vW/ED6+bg7u5bMo7A==",
      "license": "MIT"
    }
  }
}
